Microsoft Visual Studio Solution File, Format Version 12.00
# Visual Studio 2013
VisualStudioVersion = 12.0.31101.0
MinimumVisualStudioVersion = 10.0.40219.1
Project("{F184B08F-C81C-45F6-A57F-5ABD9991F28F}") = "POSN", "POSN.vbproj", "{20AB97BE-2965-4CE6-8525-2CD8703D176D}"
EndProject
Global
	GlobalSection(TeamFoundationVersionControl) = preSolution
		SccNumberOfProjects = 2
		SccEnterpriseProvider = {4CA58AB2-18FA-4F8D-95D4-32DDF27D184C}
		SccTeamFoundationServer = http://tfs.rmrdevelopment.com:8080/tfs/paragraphics
		SccLocalPath0 = .
		SccProjectUniqueName1 = POSN.vbproj
		SccLocalPath1 = .
	EndGlobalSection
	GlobalSection(SolutionConfigurationPlatforms) = preSolution
		Debug|Any CPU = Debug|Any CPU
		Debug|x64 = Debug|x64
		Debug|x86 = Debug|x86
		DebugLocal|Any CPU = DebugLocal|Any CPU
		DebugLocal|x64 = DebugLocal|x64
		DebugLocal|x86 = DebugLocal|x86
		Release|Any CPU = Release|Any CPU
		Release|x64 = Release|x64
		Release|x86 = Release|x86
	EndGlobalSection
	GlobalSection(ProjectConfigurationPlatforms) = postSolution
		{20AB97BE-2965-4CE6-8525-2CD8703D176D}.Debug|Any CPU.ActiveCfg = Debug|Any CPU
		{20AB97BE-2965-4CE6-8525-2CD8703D176D}.Debug|Any CPU.Build.0 = Debug|Any CPU
		{20AB97BE-2965-4CE6-8525-2CD8703D176D}.Debug|x64.ActiveCfg = Debug|x64
		{20AB97BE-2965-4CE6-8525-2CD8703D176D}.Debug|x64.Build.0 = Debug|x64
		{20AB97BE-2965-4CE6-8525-2CD8703D176D}.Debug|x86.ActiveCfg = Debug|Any CPU
		{20AB97BE-2965-4CE6-8525-2CD8703D176D}.Debug|x86.Build.0 = Debug|Any CPU
		{20AB97BE-2965-4CE6-8525-2CD8703D176D}.DebugLocal|Any CPU.ActiveCfg = Debug|x64
		{20AB97BE-2965-4CE6-8525-2CD8703D176D}.DebugLocal|x64.ActiveCfg = Debug|x64
		{20AB97BE-2965-4CE6-8525-2CD8703D176D}.DebugLocal|x64.Build.0 = Debug|x64
		{20AB97BE-2965-4CE6-8525-2CD8703D176D}.DebugLocal|x86.ActiveCfg = Debug|x86
		{20AB97BE-2965-4CE6-8525-2CD8703D176D}.DebugLocal|x86.Build.0 = Debug|x86
		{20AB97BE-2965-4CE6-8525-2CD8703D176D}.Release|Any CPU.ActiveCfg = Debug|Any CPU
		{20AB97BE-2965-4CE6-8525-2CD8703D176D}.Release|Any CPU.Build.0 = Debug|Any CPU
		{20AB97BE-2965-4CE6-8525-2CD8703D176D}.Release|x64.ActiveCfg = Debug|Any CPU
		{20AB97BE-2965-4CE6-8525-2CD8703D176D}.Release|x64.Build.0 = Debug|Any CPU
		{20AB97BE-2965-4CE6-8525-2CD8703D176D}.Release|x86.ActiveCfg = Release|x86
		{20AB97BE-2965-4CE6-8525-2CD8703D176D}.Release|x86.Build.0 = Release|x86
	EndGlobalSection
	GlobalSection(SolutionProperties) = preSolution
		HideSolutionNode = FALSE
	EndGlobalSection
EndGlobal
